
Microsoft Visual Studio Solution File, Format Version 12.00
# Visual Studio Version 17
VisualStudioVersion = 17.4.33213.308
MinimumVisualStudioVersion = 10.0.40219.1
Project("{FAE04EC0-301F-11D3-BF4B-00C04F79EFBC}") = "Triángulo_AESM.Android", "Triángulo_AESM.Android\Triángulo_AESM.Android.csproj", "{8A4BACC8-0314-48B9-9C93-8EC53B6534A6}"
EndProject
Project("{FAE04EC0-301F-11D3-BF4B-00C04F79EFBC}") = "Triángulo_AESM.iOS", "Triángulo_AESM.iOS\Triángulo_AESM.iOS.csproj", "{C804BD4F-553C-412B-BF17-538A731AF963}"
EndProject
Project("{FAE04EC0-301F-11D3-BF4B-00C04F79EFBC}") = "Triángulo_AESM", "Triángulo_AESM\Triángulo_AESM.csproj", "{7A85121E-EDC7-474F-A8D3-FDE6624C577A}"
EndProject
Global
	GlobalSection(SolutionConfigurationPlatforms) = preSolution
		Debug|Any CPU = Debug|Any CPU
		Debug|iPhone = Debug|iPhone
		Debug|iPhoneSimulator = Debug|iPhoneSimulator
		Release|Any CPU = Release|Any CPU
		Release|iPhone = Release|iPhone
		Release|iPhoneSimulator = Release|iPhoneSimulator
	EndGlobalSection
	GlobalSection(ProjectConfigurationPlatforms) = postSolution
		{8A4BACC8-0314-48B9-9C93-8EC53B6534A6}.Debug|Any CPU.ActiveCfg = Debug|Any CPU
		{8A4BACC8-0314-48B9-9C93-8EC53B6534A6}.Debug|Any CPU.Build.0 = Debug|Any CPU
		{8A4BACC8-0314-48B9-9C93-8EC53B6534A6}.Debug|Any CPU.Deploy.0 = Debug|Any CPU
		{8A4BACC8-0314-48B9-9C93-8EC53B6534A6}.Debug|iPhone.ActiveCfg = Debug|Any CPU
		{8A4BACC8-0314-48B9-9C93-8EC53B6534A6}.Debug|iPhone.Build.0 = Debug|Any CPU
		{8A4BACC8-0314-48B9-9C93-8EC53B6534A6}.Debug|iPhone.Deploy.0 = Debug|Any CPU
		{8A4BACC8-0314-48B9-9C93-8EC53B6534A6}.Debug|iPhoneSimulator.ActiveCfg = Debug|Any CPU
		{8A4BACC8-0314-48B9-9C93-8EC53B6534A6}.Debug|iPhoneSimulator.Build.0 = Debug|Any CPU
		{8A4BACC8-0314-48B9-9C93-8EC53B6534A6}.Debug|iPhoneSimulator.Deploy.0 = Debug|Any CPU
		{8A4BACC8-0314-48B9-9C93-8EC53B6534A6}.Release|Any CPU.ActiveCfg = Release|Any CPU
		{8A4BACC8-0314-48B9-9C93-8EC53B6534A6}.Release|Any CPU.Build.0 = Release|Any CPU
		{8A4BACC8-0314-48B9-9C93-8EC53B6534A6}.Release|Any CPU.Deploy.0 = Release|Any CPU
		{8A4BACC8-0314-48B9-9C93-8EC53B6534A6}.Release|iPhone.ActiveCfg = Release|Any CPU
		{8A4BACC8-0314-48B9-9C93-8EC53B6534A6}.Release|iPhone.Build.0 = Release|Any CPU
		{8A4BACC8-0314-48B9-9C93-8EC53B6534A6}.Release|iPhone.Deploy.0 = Release|Any CPU
		{8A4BACC8-0314-48B9-9C93-8EC53B6534A6}.Release|iPhoneSimulator.ActiveCfg = Release|Any CPU
		{8A4BACC8-0314-48B9-9C93-8EC53B6534A6}.Release|iPhoneSimulator.Build.0 = Release|Any CPU
		{8A4BACC8-0314-48B9-9C93-8EC53B6534A6}.Release|iPhoneSimulator.Deploy.0 = Release|Any CPU
		{C804BD4F-553C-412B-BF17-538A731AF963}.Debug|Any CPU.ActiveCfg = Debug|iPhone
		{C804BD4F-553C-412B-BF17-538A731AF963}.Debug|Any CPU.Build.0 = Debug|iPhone
		{C804BD4F-553C-412B-BF17-538A731AF963}.Debug|Any CPU.Deploy.0 = Debug|iPhone
		{C804BD4F-553C-412B-BF17-538A731AF963}.Debug|iPhone.ActiveCfg = Debug|iPhone
		{C804BD4F-553C-412B-BF17-538A731AF963}.Debug|iPhone.Build.0 = Debug|iPhone
		{C804BD4F-553C-412B-BF17-538A731AF963}.Debug|iPhone.Deploy.0 = Debug|iPhone
		{C804BD4F-553C-412B-BF17-538A731AF963}.Debug|iPhoneSimulator.ActiveCfg = Debug|iPhoneSimulator
		{C804BD4F-553C-412B-BF17-538A731AF963}.Debug|iPhoneSimulator.Build.0 = Debug|iPhoneSimulator
		{C804BD4F-553C-412B-BF17-538A731AF963}.Debug|iPhoneSimulator.Deploy.0 = Debug|iPhoneSimulator
		{C804BD4F-553C-412B-BF17-538A731AF963}.Release|Any CPU.ActiveCfg = Release|iPhoneSimulator
		{C804BD4F-553C-412B-BF17-538A731AF963}.Release|Any CPU.Build.0 = Release|iPhoneSimulator
		{C804BD4F-553C-412B-BF17-538A731AF963}.Release|Any CPU.Deploy.0 = Release|iPhoneSimulator
		{C804BD4F-553C-412B-BF17-538A731AF963}.Release|iPhone.ActiveCfg = Release|iPhone
		{C804BD4F-553C-412B-BF17-538A731AF963}.Release|iPhone.Build.0 = Release|iPhone
		{C804BD4F-553C-412B-BF17-538A731AF963}.Release|iPhone.Deploy.0 = Release|iPhone
		{C804BD4F-553C-412B-BF17-538A731AF963}.Release|iPhoneSimulator.ActiveCfg = Release|iPhoneSimulator
		{C804BD4F-553C-412B-BF17-538A731AF963}.Release|iPhoneSimulator.Build.0 = Release|iPhoneSimulator
		{C804BD4F-553C-412B-BF17-538A731AF963}.Release|iPhoneSimulator.Deploy.0 = Release|iPhoneSimulator
		{7A85121E-EDC7-474F-A8D3-FDE6624C577A}.Debug|Any CPU.ActiveCfg = Debug|Any CPU
		{7A85121E-EDC7-474F-A8D3-FDE6624C577A}.Debug|Any CPU.Build.0 = Debug|Any CPU
		{7A85121E-EDC7-474F-A8D3-FDE6624C577A}.Debug|Any CPU.Deploy.0 = Debug|Any CPU
		{7A85121E-EDC7-474F-A8D3-FDE6624C577A}.Debug|iPhone.ActiveCfg = Debug|Any CPU
		{7A85121E-EDC7-474F-A8D3-FDE6624C577A}.Debug|iPhone.Build.0 = Debug|Any CPU
		{7A85121E-EDC7-474F-A8D3-FDE6624C577A}.Debug|iPhone.Deploy.0 = Debug|Any CPU
		{7A85121E-EDC7-474F-A8D3-FDE6624C577A}.Debug|iPhoneSimulator.ActiveCfg = Debug|Any CPU
		{7A85121E-EDC7-474F-A8D3-FDE6624C577A}.Debug|iPhoneSimulator.Build.0 = Debug|Any CPU
		{7A85121E-EDC7-474F-A8D3-FDE6624C577A}.Debug|iPhoneSimulator.Deploy.0 = Debug|Any CPU
		{7A85121E-EDC7-474F-A8D3-FDE6624C577A}.Release|Any CPU.ActiveCfg = Release|Any CPU
		{7A85121E-EDC7-474F-A8D3-FDE6624C577A}.Release|Any CPU.Build.0 = Release|Any CPU
		{7A85121E-EDC7-474F-A8D3-FDE6624C577A}.Release|Any CPU.Deploy.0 = Release|Any CPU
		{7A85121E-EDC7-474F-A8D3-FDE6624C577A}.Release|iPhone.ActiveCfg = Release|Any CPU
		{7A85121E-EDC7-474F-A8D3-FDE6624C577A}.Release|iPhone.Build.0 = Release|Any CPU
		{7A85121E-EDC7-474F-A8D3-FDE6624C577A}.Release|iPhone.Deploy.0 = Release|Any CPU
		{7A85121E-EDC7-474F-A8D3-FDE6624C577A}.Release|iPhoneSimulator.ActiveCfg = Release|Any CPU
		{7A85121E-EDC7-474F-A8D3-FDE6624C577A}.Release|iPhoneSimulator.Build.0 = Release|Any CPU
		{7A85121E-EDC7-474F-A8D3-FDE6624C577A}.Release|iPhoneSimulator.Deploy.0 = Release|Any CPU
	EndGlobalSection
	GlobalSection(SolutionProperties) = preSolution
		HideSolutionNode = FALSE
	EndGlobalSection
	GlobalSection(ExtensibilityGlobals) = postSolution
		SolutionGuid = {AD531C24-D9F9-4FB5-A031-0E38701657B5}
	EndGlobalSection
EndGlobal
